<?xml version="1.0" encoding="UTF-8" standalone="yes" ?>
<CodeBlocks_project_file>
	<FileVersion major="1" minor="6" />
	<Project>
		<Option title="reconstruction" />
		<Option pch_mode="2" />
		<Option compiler="gfortran" />
		<Build>
			<Target title="Debug">
				<Option output="bin/Debug/reconstruction" prefix_auto="1" extension_auto="1" />
				<Option object_output="obj/Debug/" />
				<Option type="1" />
				<Option compiler="gfortran" />
				<Compiler>
					<Add option="-g" />
				</Compiler>
			</Target>
			<Target title="Release">
				<Option output="bin/Release/reconstruction" prefix_auto="1" extension_auto="1" />
				<Option object_output="obj/Release/" />
				<Option type="1" />
				<Option compiler="gfortran" />
				<Compiler>
					<Add option="-O2" />
				</Compiler>
				<Linker>
					<Add option="-s" />
				</Linker>
			</Target>
		</Build>
		<Compiler>
			<Add option="-Wall" />
		</Compiler>
		<Unit filename="main.f90" />
		<Unit filename="sources/folder_functions/d1ed_ack4pot.f90" />
		<Unit filename="sources/folder_functions/d1mf_ack4pot.f90" />
		<Unit filename="sources/folder_functions/d1pw_ack4pot.f90" />
		<Unit filename="sources/folder_functions/d2ed_ack4pot.f90" />
		<Unit filename="sources/folder_functions/d2mf_ack4pot.f90" />
		<Unit filename="sources/folder_functions/d2pw_ack4pot.f90" />
		<Unit filename="sources/folder_functions/ed_ack4pot.f90" />
		<Unit filename="sources/folder_functions/mf_ack4pot.f90" />
		<Unit filename="sources/folder_functions/pw_ack4pot.f90" />
		<Unit filename="sources/folder_modules/ackland4_approximation_arrays_mod.f90" />
		<Unit filename="sources/folder_modules/ackland4_parameters_mod.f90" />
		<Unit filename="sources/folder_modules/compile_debug_options_mod.f90" />
		<Unit filename="sources/folder_modules/physical_parameters_mod.f90" />
		<Unit filename="sources/folder_modules/positions_mod.f90" />
		<Unit filename="sources/folder_modules/potentials_ackland4fefe_linear_mod.f90" />
		<Unit filename="sources/folder_modules/system_parameters_mod.f90" />
		<Unit filename="sources/folder_modules/verlet_list_mod.f90" />
		<Unit filename="sources/folder_modules/wo_storage_mod.f90" />
		<Unit filename="sources/folder_modules/zones_mod.f90" />
		<Unit filename="sources/folder_subroutines/calculate_energy_at.f90" />
		<Unit filename="sources/folder_subroutines/calculate_force_atom_direct.f90" />
		<Unit filename="sources/folder_subroutines/calculate_force_atom_verlet.f90" />
		<Unit filename="sources/folder_subroutines/calculate_kinetic_energy.f90" />
		<Unit filename="sources/folder_subroutines/calculate_pseudosystem_energy.f90" />
		<Unit filename="sources/folder_subroutines/calculate_system_energy.f90" />
		<Unit filename="sources/folder_subroutines/calculate_system_energy_verlet.f90" />
		<Unit filename="sources/folder_subroutines/find_centeral_atom.f90" />
		<Unit filename="sources/folder_subroutines/find_far_atom.f90" />
		<Unit filename="sources/folder_subroutines/initiate_energetic_parameters.f90" />
		<Unit filename="sources/folder_subroutines/obtain_verlet_list.f90" />
		<Unit filename="sources/folder_subroutines/place_atoms_bcc.f90" />
		<Unit filename="sources/folder_subroutines/place_atoms_bcc_spheric.f90" />
		<Unit filename="sources/folder_subroutines/place_atoms_fcc.f90" />
		<Unit filename="sources/folder_subroutines/relax_fine.f90" />
		<Unit filename="sources/folder_subroutines/relax_fine_quad_grad_rand.f90" />
		<Unit filename="sources/folder_subroutines/relax_orth_quad_grad_rand.f90" />
		<Unit filename="sources/folder_subroutines/relax_orthogonal_randomized.f90" />
		<Unit filename="sources/folder_subroutines/relax_rude.f90" />
		<Unit filename="sources/folder_subroutines/relax_rude_quad_grad_rand.f90" />
		<Unit filename="sources/folder_subroutines/set_seed_of_random_numbers.f90" />
		<Unit filename="sources/folder_subroutines/shift_atom.f90" />
		<Unit filename="sources/folder_tests/test_atom_gradient.f90" />
		<Unit filename="sources/folder_tests/test_atom_relax_bcc.f90" />
		<Unit filename="sources/folder_tests/test_atom_relax_fcc.f90" />
		<Unit filename="sources/folder_tests/test_derivatives.f90" />
		<Unit filename="sources/folder_tests/test_different_relaxations_bcc.f90" />
		<Unit filename="sources/folder_tests/test_far_atom_gradient.f90" />
		<Unit filename="sources/folder_tests/test_lattice_parameter1.f90" />
		<Unit filename="sources/folder_tests/test_lattice_parameter2.f90" />
		<Unit filename="sources/folder_tests/test_lattice_parameter3.f90" />
		<Unit filename="sources/folder_tests/test_lattice_parameter4.f90" />
		<Unit filename="sources/folder_tests/test_linear_approximation_of_potentials.f90" />
		<Unit filename="sources/folder_tests/test_po_value_potential.f90" />
		<Unit filename="sources/folder_tests/test_vacancy_relax_bcc.f90" />
		<Unit filename="sources/folder_tests/test_verlet_list.f90" />
		<Unit filename="sources/folder_tests/test_wo_values_la.f90" />
		<Unit filename="sources/folder_tests/test_writeout_snapshot.f90" />
		<Unit filename="sources/folder_writeout_subroutines/wo_an_ed.f90" />
		<Unit filename="sources/folder_writeout_subroutines/wo_an_mf.f90" />
		<Unit filename="sources/folder_writeout_subroutines/wo_an_pw.f90" />
		<Unit filename="sources/folder_writeout_subroutines/wo_xyz_snapshot.f90" />
		<Unit filename="sources/old.main.f95">
			<Option compile="0" />
			<Option link="0" />
		</Unit>
		<Unit filename="sources/old.modules.f95">
			<Option compile="0" />
			<Option link="0" />
		</Unit>
		<Extensions />
	</Project>
</CodeBlocks_project_file>
